
Microsoft Visual Studio Solution File, Format Version 12.00
# Visual Studio 2015
Project("{FAE04EC0-301F-11D3-BF4B-00C04F79EFBC}") = "GhostsNGoblins_Remake(3D)v0.2.CSharp", "GhostsNGoblins_Remake(3D)v0.2.CSharp.csproj", "{72681C58-CA87-9B9A-8DAD-8D4F8B343D73}"
EndProject
Global
	GlobalSection(SolutionConfigurationPlatforms) = preSolution
		Debug|Any CPU = Debug|Any CPU
		Release|Any CPU = Release|Any CPU
	EndGlobalSection
	GlobalSection(ProjectConfigurationPlatforms) = postSolution
		{72681C58-CA87-9B9A-8DAD-8D4F8B343D73}.Debug|Any CPU.ActiveCfg = Debug|Any CPU
		{72681C58-CA87-9B9A-8DAD-8D4F8B343D73}.Debug|Any CPU.Build.0 = Debug|Any CPU
		{72681C58-CA87-9B9A-8DAD-8D4F8B343D73}.Release|Any CPU.ActiveCfg = Release|Any CPU
		{72681C58-CA87-9B9A-8DAD-8D4F8B343D73}.Release|Any CPU.Build.0 = Release|Any CPU
	EndGlobalSection
	GlobalSection(SolutionProperties) = preSolution
		HideSolutionNode = FALSE
	EndGlobalSection
EndGlobal
